
Microsoft Visual Studio Solution File, Format Version 10.00
# Visual Studio 2008
Project("{8BC9CEB8-8B4A-11D0-8D11-00A0C91BC942}") = "pol", "pol.vcproj", "{1AFEE4CE-1AE7-4674-A36E-BCE48891ECA5}"
EndProject
Global
	GlobalSection(SolutionConfigurationPlatforms) = preSolution
		Debug|Win32 = Debug|Win32
		Release|Win32 = Release|Win32
	EndGlobalSection
	GlobalSection(ProjectConfigurationPlatforms) = postSolution
		{1AFEE4CE-1AE7-4674-A36E-BCE48891ECA5}.Debug|Win32.ActiveCfg = Debug|Win32
		{1AFEE4CE-1AE7-4674-A36E-BCE48891ECA5}.Debug|Win32.Build.0 = Debug|Win32
		{1AFEE4CE-1AE7-4674-A36E-BCE48891ECA5}.Release|Win32.ActiveCfg = Release|Win32
		{1AFEE4CE-1AE7-4674-A36E-BCE48891ECA5}.Release|Win32.Build.0 = Release|Win32
	EndGlobalSection
	GlobalSection(SolutionProperties) = preSolution
		HideSolutionNode = FALSE
	EndGlobalSection
EndGlobal
