
Microsoft Visual Studio Solution File, Format Version 12.00
# Visual Studio 14
VisualStudioVersion = 14.0.24720.0
MinimumVisualStudioVersion = 10.0.40219.1
Project("{8BC9CEB8-8B4A-11D0-8D11-00A0C91BC942}") = "prac7", "prac7\prac7.vcxproj", "{4269BE2A-7026-44A7-AF66-57761E056DFE}"
EndProject
Global
	GlobalSection(SolutionConfigurationPlatforms) = preSolution
		Debug|x64 = Debug|x64
		Debug|x86 = Debug|x86
		Release|x64 = Release|x64
		Release|x86 = Release|x86
	EndGlobalSection
	GlobalSection(ProjectConfigurationPlatforms) = postSolution
		{4269BE2A-7026-44A7-AF66-57761E056DFE}.Debug|x64.ActiveCfg = Debug|x64
		{4269BE2A-7026-44A7-AF66-57761E056DFE}.Debug|x64.Build.0 = Debug|x64
		{4269BE2A-7026-44A7-AF66-57761E056DFE}.Debug|x86.ActiveCfg = Debug|Win32
		{4269BE2A-7026-44A7-AF66-57761E056DFE}.Debug|x86.Build.0 = Debug|Win32
		{4269BE2A-7026-44A7-AF66-57761E056DFE}.Release|x64.ActiveCfg = Release|x64
		{4269BE2A-7026-44A7-AF66-57761E056DFE}.Release|x64.Build.0 = Release|x64
		{4269BE2A-7026-44A7-AF66-57761E056DFE}.Release|x86.ActiveCfg = Release|Win32
		{4269BE2A-7026-44A7-AF66-57761E056DFE}.Release|x86.Build.0 = Release|Win32
	EndGlobalSection
	GlobalSection(SolutionProperties) = preSolution
		HideSolutionNode = FALSE
	EndGlobalSection
EndGlobal
